
Microsoft Visual Studio Solution File, Format Version 12.00
# Visual Studio Version 17
VisualStudioVersion = 17.13.35919.96 d17.13
MinimumVisualStudioVersion = 10.0.40219.1
Project("{FAE04EC0-301F-11D3-BF4B-00C04F79EFBC}") = "WebApplication", "WebApplication.csproj", "{2A2BDA05-9716-4762-B370-A1661AD256F8}"
EndProject
Global
	GlobalSection(SolutionConfigurationPlatforms) = preSolution
		Debug|Any CPU = Debug|Any CPU
		Release|Any CPU = Release|Any CPU
	EndGlobalSection
	GlobalSection(ProjectConfigurationPlatforms) = postSolution
		{2A2BDA05-9716-4762-B370-A1661AD256F8}.Debug|Any CPU.ActiveCfg = Debug|Any CPU
		{2A2BDA05-9716-4762-B370-A1661AD256F8}.Debug|Any CPU.Build.0 = Debug|Any CPU
		{2A2BDA05-9716-4762-B370-A1661AD256F8}.Release|Any CPU.ActiveCfg = Release|Any CPU
		{2A2BDA05-9716-4762-B370-A1661AD256F8}.Release|Any CPU.Build.0 = Release|Any CPU
	EndGlobalSection
	GlobalSection(SolutionProperties) = preSolution
		HideSolutionNode = FALSE
	EndGlobalSection
	GlobalSection(ExtensibilityGlobals) = postSolution
		SolutionGuid = {A19AB5D4-95C7-4824-A3DC-7398E5B68081}
	EndGlobalSection
EndGlobal
